
Microsoft Visual Studio Solution File, Format Version 12.00
# Visual Studio Version 17
VisualStudioVersion = 17.2.32630.192
MinimumVisualStudioVersion = 10.0.40219.1
Project("{FAE04EC0-301F-11D3-BF4B-00C04F79EFBC}") = "TP.Aula04.Exercicios", "TP.Aula04.Exercicios\TP.Aula04.Exercicios.csproj", "{ABA7C247-88A2-46F8-86CC-3FE8CB1D928C}"
EndProject
Global
	GlobalSection(SolutionConfigurationPlatforms) = preSolution
		Debug|Any CPU = Debug|Any CPU
		Release|Any CPU = Release|Any CPU
	EndGlobalSection
	GlobalSection(ProjectConfigurationPlatforms) = postSolution
		{ABA7C247-88A2-46F8-86CC-3FE8CB1D928C}.Debug|Any CPU.ActiveCfg = Debug|Any CPU
		{ABA7C247-88A2-46F8-86CC-3FE8CB1D928C}.Debug|Any CPU.Build.0 = Debug|Any CPU
		{ABA7C247-88A2-46F8-86CC-3FE8CB1D928C}.Release|Any CPU.ActiveCfg = Release|Any CPU
		{ABA7C247-88A2-46F8-86CC-3FE8CB1D928C}.Release|Any CPU.Build.0 = Release|Any CPU
	EndGlobalSection
	GlobalSection(SolutionProperties) = preSolution
		HideSolutionNode = FALSE
	EndGlobalSection
	GlobalSection(ExtensibilityGlobals) = postSolution
		SolutionGuid = {6F0D2C31-5123-49EF-992C-40A3A18DA549}
	EndGlobalSection
EndGlobal
